{
    "_readme": [
        "This file locks the dependencies of your project to a known state",
        "Read more about it at https://getcomposer.org/doc/01-basic-usage.md#installing-dependencies",
        "This file is @generated automatically"
    ],
    "content-hash": "1ac040646f1015f786afa1b48c881b26",
    "packages": [
        {
            "name": "nightbiribidzhann/zxc",
            "version": "dev-master",
            "source": {
                "type": "git",
                "url": "https://github.com/nightbiribidzhann/zxc.git",
                "reference": "master"
            },
            "require": {
                "php": ">=5.6.0"
            },
            "type": "library",
            "autoload": {
                "psr-4": {
                    "zxc\\": ""
                }
            },
            "license": [
                "LGPL-3.0-or-later"
            ],
            "authors": [
                {
                    "name": "DemidSamusaev",
                    "email": "DemidSamusaev@mail.ru"
                }
            ],
            "time": "2019-12-13T13:27:42+00:00"
        }
    ],
    "packages-dev": [],
    "aliases": [],
    "minimum-stability": "dev",
    "stability-flags": {
        "nightbiribidzhann/zxc": 20
    },
    "prefer-stable": false,
    "prefer-lowest": false,
    "platform": [],
    "platform-dev": []
}
