{
    "_readme": [
        "This file locks the dependencies of your project to a known state",
        "Read more about it at https://getcomposer.org/doc/01-basic-usage.md#installing-dependencies",
        "This file is @generated automatically"
    ],
    "content-hash": "d73537e153db30e6502876d610df01a2",
    "packages": [
        {
            "name": "nightbiribidzhann/zxc",
            "version": "dev-master",
            "source": {
                "type": "git",
                "url": "https://github.com/nightbiribidzhann/zxc.git",
                "reference": "master"
            },
            "require": {
                "php": ">=5.6.0"
            },
            "type": "library",
            "autoload": {
                "psr-0": {
                    "zxc": ""
                }
            },
            "license": [
                "LGPL-3.0-or-later"
            ],
            "authors": [
                {
                    "name": "DemidSamusaev",
                    "email": "DemidSamusaev@mail.ru"
                }
            ],
            "time": "2019-12-12T10:25:36+00:00"
        }
    ],
    "packages-dev": [
        {
            "name": "amphp/amp",
            "version": "v2.4.0",
            "source": {
                "type": "git",
                "url": "https://github.com/amphp/amp.git",
                "reference": "13930a582947831bb66ff1aeac28672fd91c38ea"
            },
            "dist": {
                "type": "zip",
                "url": "https://api.github.com/repos/amphp/amp/zipball/13930a582947831bb66ff1aeac28672fd91c38ea",
                "reference": "13930a582947831bb66ff1aeac28672fd91c38ea",
                "shasum": ""
            },
            "require": {
                "php": ">=7"
            },
            "require-dev": {
                "amphp/php-cs-fixer-config": "dev-master",
                "amphp/phpunit-util": "^1",
                "ext-json": "*",
                "phpstan/phpstan": "^0.8.5",
                "phpunit/phpunit": "^6.0.9 | ^7",
                "react/promise": "^2"
            },
            "type": "library",
            "extra": {
                "branch-alias": {
                    "dev-master": "2.0.x-dev"
                }
            },
            "autoload": {
                "psr-4": {
                    "Amp\\": "lib"
                },
                "files": [
                    "lib/functions.php",
                    "lib/Internal/functions.php"
                ]
            },
            "notification-url": "https://packagist.org/downloads/",
            "license": [
                "MIT"
            ],
            "authors": [
                {
                    "name": "Daniel Lowrey",
                    "email": "rdlowrey@php.net"
                },
                {
                    "name": "Aaron Piotrowski",
                    "email": "aaron@trowski.com"
                },
                {
                    "name": "Bob Weinand",
                    "email": "bobwei9@hotmail.com"
                },
                {
                    "name": "Niklas Keller",
                    "email": "me@kelunik.com"
                }
            ],
            "description": "A non-blocking concurrency framework for PHP applications.",
            "homepage": "http://amphp.org/amp",
            "keywords": [
                "async",
                "asynchronous",
                "awaitable",
                "concurrency",
                "event",
                "event-loop",
                "future",
                "non-blocking",
                "promise"
            ],
            "time": "2019-11-11T19:32:05+00:00"
        },
        {
            "name": "amphp/byte-stream",
            "version": "v1.7.1",
            "source": {
                "type": "git",
                "url": "https://github.com/amphp/byte-stream.git",
                "reference": "9d8205686a004948475dc43f8a88d2fa5e75a113"
            },
            "dist": {
                "type": "zip",
                "url": "https://api.github.com/repos/amphp/byte-stream/zipball/9d8205686a004948475dc43f8a88d2fa5e75a113",
                "reference": "9d8205686a004948475dc43f8a88d2fa5e75a113",
                "shasum": ""
            },
            "require": {
                "amphp/amp": "^2"
            },
            "require-dev": {
                "amphp/php-cs-fixer-config": "dev-master",
                "amphp/phpunit-util": "^1",
                "friendsofphp/php-cs-fixer": "^2.3",
                "infection/infection": "^0.9.3",
                "phpunit/phpunit": "^6"
            },
            "type": "library",
            "autoload": {
                "psr-4": {
                    "Amp\\ByteStream\\": "lib"
                },
                "files": [
                    "lib/functions.php"
                ]
            },
            "notification-url": "https://packagist.org/downloads/",
            "license": [
                "MIT"
            ],
            "authors": [
                {
                    "name": "Aaron Piotrowski",
                    "email": "aaron@trowski.com"
                },
                {
                    "name": "Niklas Keller",
                    "email": "me@kelunik.com"
                }
            ],
            "description": "A stream abstraction to make working with non-blocking I/O simple.",
            "homepage": "http://amphp.org/byte-stream",
            "keywords": [
                "amp",
                "amphp",
                "async",
                "io",
                "non-blocking",
                "stream"
            ],
            "time": "2019-10-27T14:33:41+00:00"
        },
        {
            "name": "amphp/cache",
            "version": "v1.3.0",
            "source": {
                "type": "git",
                "url": "https://github.com/amphp/cache.git",
                "reference": "14d9fa01a2518eda31b10a421660b41a55249736"
            },
            "dist": {
                "type": "zip",
                "url": "https://api.github.com/repos/amphp/cache/zipball/14d9fa01a2518eda31b10a421660b41a55249736",
                "reference": "14d9fa01a2518eda31b10a421660b41a55249736",
                "shasum": ""
            },
            "require": {
                "amphp/amp": "^2",
                "amphp/sync": "^1.2",
                "php": ">=7.1"
            },
            "conflict": {
                "amphp/file": "<0.2 || >=2"
            },
            "require-dev": {
                "amphp/file": "^1.0",
                "amphp/php-cs-fixer-config": "dev-master",
                "amphp/phpunit-util": "^1",
                "phpunit/phpunit": "^6 | ^7 | ^8"
            },
            "type": "library",
            "autoload": {
                "psr-4": {
                    "Amp\\Cache\\": "lib"
                }
            },
            "notification-url": "https://packagist.org/downloads/",
            "license": [
                "MIT"
            ],
            "authors": [
                {
                    "name": "Niklas Keller",
                    "email": "me@kelunik.com"
                },
                {
                    "name": "Daniel Lowrey",
                    "email": "rdlowrey@php.net"
                }
            ],
            "description": "A promise-aware caching API for Amp.",
            "homepage": "https://github.com/amphp/cache",
            "time": "2019-11-29T18:47:04+00:00"
        },
        {
            "name": "amphp/dns",
            "version": "v0.9.x-dev",
            "source": {
                "type": "git",
                "url": "https://github.com/amphp/dns.git",
                "reference": "2a3e7376f42b289230c0921aceaec5bbf253299d"
            },
            "dist": {
                "type": "zip",
                "url": "https://api.github.com/repos/amphp/dns/zipball/2a3e7376f42b289230c0921aceaec5bbf253299d",
                "reference": "2a3e7376f42b289230c0921aceaec5bbf253299d",
                "shasum": ""
            },
            "require": {
                "amphp/amp": "^2",
                "amphp/byte-stream": "^1.1",
                "amphp/cache": "^1.2",
                "amphp/parser": "^1",
                "amphp/windows-registry": "^0.3",
                "daverandom/libdns": "^2.0.1",
                "ext-filter": "*",
                "php": ">=7.0"
            },
            "require-dev": {
                "amphp/php-cs-fixer-config": "dev-master",
                "amphp/phpunit-util": "^1",
                "phpunit/phpunit": "^6"
            },
            "type": "library",
            "autoload": {
                "psr-4": {
                    "Amp\\Dns\\": "lib"
                },
                "files": [
                    "lib/functions.php"
                ]
            },
            "notification-url": "https://packagist.org/downloads/",
            "license": [
                "MIT"
            ],
            "authors": [
                {
                    "name": "Bob Weinand",
                    "email": "bobwei9@hotmail.com"
                },
                {
                    "name": "Niklas Keller",
                    "email": "me@kelunik.com"
                },
                {
                    "name": "Daniel Lowrey",
                    "email": "rdlowrey@php.net"
                },
                {
                    "name": "Chris Wright",
                    "email": "addr@daverandom.com"
                },
                {
                    "name": "Aaron Piotrowski",
                    "email": "aaron@trowski.com"
                }
            ],
            "description": "Async DNS resolution for Amp.",
            "homepage": "https://github.com/amphp/dns",
            "keywords": [
                "amp",
                "amphp",
                "async",
                "client",
                "dns",
                "resolve"
            ],
            "time": "2019-07-08T20:58:50+00:00"
        },
        {
            "name": "amphp/parser",
            "version": "v1.0.0",
            "source": {
                "type": "git",
                "url": "https://github.com/amphp/parser.git",
                "reference": "f83e68f03d5b8e8e0365b8792985a7f341c57ae1"
            },
            "dist": {
                "type": "zip",
                "url": "https://api.github.com/repos/amphp/parser/zipball/f83e68f03d5b8e8e0365b8792985a7f341c57ae1",
                "reference": "f83e68f03d5b8e8e0365b8792985a7f341c57ae1",
                "shasum": ""
            },
            "require": {
                "php": ">=7"
            },
            "require-dev": {
                "friendsofphp/php-cs-fixer": "^2.3",
                "phpunit/phpunit": "^6"
            },
            "type": "library",
            "autoload": {
                "psr-4": {
                    "Amp\\Parser\\": "lib"
                }
            },
            "notification-url": "https://packagist.org/downloads/",
            "license": [
                "MIT"
            ],
            "authors": [
                {
                    "name": "Niklas Keller",
                    "email": "me@kelunik.com"
                },
                {
                    "name": "Aaron Piotrowski",
                    "email": "aaron@trowski.com"
                }
            ],
            "description": "A generator parser to make streaming parsers simple.",
            "homepage": "https://github.com/amphp/parser",
            "keywords": [
                "async",
                "non-blocking",
                "parser",
                "stream"
            ],
            "time": "2017-06-06T05:29:10+00:00"
        },
        {
            "name": "amphp/process",
            "version": "v1.1.0",
            "source": {
                "type": "git",
                "url": "https://github.com/amphp/process.git",
                "reference": "355b1e561b01c16ab3d78fada1ad47ccc96df70e"
            },
            "dist": {
                "type": "zip",
                "url": "https://api.github.com/repos/amphp/process/zipball/355b1e561b01c16ab3d78fada1ad47ccc96df70e",
                "reference": "355b1e561b01c16ab3d78fada1ad47ccc96df70e",
                "shasum": ""
            },
            "require": {
                "amphp/amp": "^2",
                "amphp/byte-stream": "^1.4",
                "php": ">=7"
            },
            "require-dev": {
                "amphp/php-cs-fixer-config": "dev-master",
                "amphp/phpunit-util": "^1",
                "phpunit/phpunit": "^6"
            },
            "type": "library",
            "autoload": {
                "psr-4": {
                    "Amp\\Process\\": "lib"
                },
                "files": [
                    "lib/functions.php"
                ]
            },
            "notification-url": "https://packagist.org/downloads/",
            "license": [
                "MIT"
            ],
            "authors": [
                {
                    "name": "Bob Weinand",
                    "email": "bobwei9@hotmail.com"
                },
                {
                    "name": "Niklas Keller",
                    "email": "me@kelunik.com"
                },
                {
                    "name": "Aaron Piotrowski",
                    "email": "aaron@trowski.com"
                }
            ],
            "description": "Asynchronous process manager.",
            "homepage": "https://github.com/amphp/process",
            "time": "2019-02-26T16:33:03+00:00"
        },
        {
            "name": "amphp/socket",
            "version": "v0.10.x-dev",
            "source": {
                "type": "git",
                "url": "https://github.com/amphp/socket.git",
                "reference": "d84f6e09675488a52fb6ff5e2d53ecc5d587667a"
            },
            "dist": {
                "type": "zip",
                "url": "https://api.github.com/repos/amphp/socket/zipball/d84f6e09675488a52fb6ff5e2d53ecc5d587667a",
                "reference": "d84f6e09675488a52fb6ff5e2d53ecc5d587667a",
                "shasum": ""
            },
            "require": {
                "amphp/amp": "^2",
                "amphp/byte-stream": "^1.1",
                "amphp/dns": "^0.9",
                "amphp/uri": "^0.1",
                "php": ">=7.0"
            },
            "require-dev": {
                "amphp/phpunit-util": "^1",
                "friendsofphp/php-cs-fixer": "^2.3",
                "phpunit/phpunit": "^6"
            },
            "type": "library",
            "autoload": {
                "psr-4": {
                    "Amp\\Socket\\": "src"
                },
                "files": [
                    "src/functions.php",
                    "src/Internal/functions.php"
                ]
            },
            "notification-url": "https://packagist.org/downloads/",
            "license": [
                "MIT"
            ],
            "authors": [
                {
                    "name": "Daniel Lowrey",
                    "email": "rdlowrey@gmail.com"
                },
                {
                    "name": "Aaron Piotrowski",
                    "email": "aaron@trowski.com"
                },
                {
                    "name": "Niklas Keller",
                    "email": "me@kelunik.com"
                }
            ],
            "description": "Async socket connection / server tools for Amp.",
            "homepage": "https://github.com/amphp/socket",
            "keywords": [
                "amp",
                "async",
                "encryption",
                "non-blocking",
                "sockets",
                "tcp",
                "tls"
            ],
            "time": "2019-11-05T22:34:12+00:00"
        },
        {
            "name": "amphp/sync",
            "version": "v1.x-dev",
            "source": {
                "type": "git",
                "url": "https://github.com/amphp/sync.git",
                "reference": "eafe96a8f25fc01e08666dbddeb2e60d60488f7f"
            },
            "dist": {
                "type": "zip",
                "url": "https://api.github.com/repos/amphp/sync/zipball/eafe96a8f25fc01e08666dbddeb2e60d60488f7f",
                "reference": "eafe96a8f25fc01e08666dbddeb2e60d60488f7f",
                "shasum": ""
            },
            "require": {
                "amphp/amp": "^2"
            },
            "require-dev": {
                "amphp/phpunit-util": "^1",
                "friendsofphp/php-cs-fixer": "^2.3",
                "phpunit/phpunit": "^6"
            },
            "type": "library",
            "autoload": {
                "psr-4": {
                    "Amp\\Sync\\": "lib"
                },
                "files": [
                    "lib/functions.php"
                ]
            },
            "notification-url": "https://packagist.org/downloads/",
            "license": [
                "MIT"
            ],
            "authors": [
                {
                    "name": "Aaron Piotrowski",
                    "email": "aaron@trowski.com"
                },
                {
                    "name": "Stephen Coakley",
                    "email": "me@stephencoakley.com"
                }
            ],
            "description": "Mutex, Semaphore, and other synchronization tools for Amp.",
            "homepage": "https://github.com/amphp/sync",
            "keywords": [
                "async",
                "asynchronous",
                "mutex",
                "semaphore",
                "synchronization"
            ],
            "time": "2019-09-20T03:24:36+00:00"
        },
        {
            "name": "amphp/uri",
            "version": "v0.1.4",
            "source": {
                "type": "git",
                "url": "https://github.com/amphp/uri.git",
                "reference": "30065946d5c69f44c8a47bf8838244029984ff61"
            },
            "dist": {
                "type": "zip",
                "url": "https://api.github.com/repos/amphp/uri/zipball/30065946d5c69f44c8a47bf8838244029984ff61",
                "reference": "30065946d5c69f44c8a47bf8838244029984ff61",
                "shasum": ""
            },
            "require-dev": {
                "friendsofphp/php-cs-fixer": "^2.3",
                "phpunit/phpunit": "^6"
            },
            "type": "library",
            "autoload": {
                "psr-4": {
                    "Amp\\Uri\\": "src"
                },
                "files": [
                    "src/functions.php"
                ]
            },
            "notification-url": "https://packagist.org/downloads/",
            "license": [
                "MIT"
            ],
            "authors": [
                {
                    "name": "Niklas Keller",
                    "email": "me@kelunik.com"
                },
                {
                    "name": "Daniel Lowrey"
                }
            ],
            "description": "Uri Parser and Resolver.",
            "homepage": "https://github.com/amphp/uri",
            "time": "2019-05-13T18:25:34+00:00"
        },
        {
            "name": "amphp/windows-registry",
            "version": "v0.3.2",
            "source": {
                "type": "git",
                "url": "https://github.com/amphp/windows-registry.git",
                "reference": "834af7a30ad7c006b0326ccd2686ddc6e6943366"
            },
            "dist": {
                "type": "zip",
                "url": "https://api.github.com/repos/amphp/windows-registry/zipball/834af7a30ad7c006b0326ccd2686ddc6e6943366",
                "reference": "834af7a30ad7c006b0326ccd2686ddc6e6943366",
                "shasum": ""
            },
            "require": {
                "amphp/amp": "^2",
                "amphp/byte-stream": "^1.4",
                "amphp/process": "^1"
            },
            "require-dev": {
                "amphp/php-cs-fixer-config": "dev-master"
            },
            "type": "library",
            "autoload": {
                "psr-4": {
                    "Amp\\WindowsRegistry\\": "lib"
                }
            },
            "notification-url": "https://packagist.org/downloads/",
            "license": [
                "MIT"
            ],
            "authors": [
                {
                    "name": "Niklas Keller",
                    "email": "me@kelunik.com"
                }
            ],
            "description": "Windows Registry Reader.",
            "time": "2018-10-24T03:34:54+00:00"
        },
        {
            "name": "daverandom/libdns",
            "version": "2.x-dev",
            "source": {
                "type": "git",
                "url": "https://github.com/DaveRandom/LibDNS.git",
                "reference": "e8b6d6593d18ac3a6a14666d8a68a4703b2e05f9"
            },
            "dist": {
                "type": "zip",
                "url": "https://api.github.com/repos/DaveRandom/LibDNS/zipball/e8b6d6593d18ac3a6a14666d8a68a4703b2e05f9",
                "reference": "e8b6d6593d18ac3a6a14666d8a68a4703b2e05f9",
                "shasum": ""
            },
            "require": {
                "ext-ctype": "*",
                "php": ">=7.0"
            },
            "suggest": {
                "ext-intl": "Required for IDN support"
            },
            "type": "library",
            "autoload": {
                "psr-4": {
                    "LibDNS\\": "src/"
                },
                "files": [
                    "src/functions.php"
                ]
            },
            "notification-url": "https://packagist.org/downloads/",
            "license": [
                "MIT"
            ],
            "description": "DNS protocol implementation written in pure PHP",
            "keywords": [
                "dns"
            ],
            "time": "2019-12-03T09:12:46+00:00"
        },
        {
            "name": "mougrim/php-xdebug-proxy",
            "version": "dev-master",
            "source": {
                "type": "git",
                "url": "https://github.com/mougrim/php-xdebug-proxy.git",
                "reference": "b985cdf885230bd7831a679ee137baa084f0170c"
            },
            "dist": {
                "type": "zip",
                "url": "https://api.github.com/repos/mougrim/php-xdebug-proxy/zipball/b985cdf885230bd7831a679ee137baa084f0170c",
                "reference": "b985cdf885230bd7831a679ee137baa084f0170c",
                "shasum": ""
            },
            "require": {
                "amphp/socket": "^0.10.8",
                "php": ">=7.1"
            },
            "require-dev": {
                "amphp/log": "^1.0.0",
                "ext-dom": "*",
                "friendsofphp/php-cs-fixer": "^2.12.1",
                "phpro/grumphp": "^0.14.1",
                "phpunit/phpunit": "^7.0",
                "roave/security-advisories": "dev-master"
            },
            "suggest": {
                "amphp/log": "Required for write logs by default",
                "ext-dom": "Required for parse XML by default"
            },
            "bin": [
                "bin/xdebug-proxy"
            ],
            "type": "project",
            "autoload": {
                "psr-4": {
                    "Mougrim\\XdebugProxy\\": "src"
                }
            },
            "notification-url": "https://packagist.org/downloads/",
            "license": [
                "MIT"
            ],
            "authors": [
                {
                    "name": "Mougrim",
                    "email": "rinat@mougrim.ru"
                }
            ],
            "description": "Xdebug (dbgp) proxy",
            "time": "2019-07-25T08:21:18+00:00"
        },
        {
            "name": "rok9ru/ckeditorphp",
            "version": "dev-master",
            "source": {
                "type": "git",
                "url": "https://github.com/rok9ru/ckeditorphp.git",
                "reference": "71b57c497f0ad94a52bb5cabf9f31a8baf40c695"
            },
            "require": {
                "php": ">=5.6.0"
            },
            "type": "library",
            "autoload": {
                "psr-0": {
                    "CKEditorPHP": "",
                    "CKEditorPHP\\view": "view",
                    "CKEditorPHP\\core": "core",
                    "CKEditorPHP\\plugins": "plugins"
                }
            },
            "license": [
                "LGPL-3.0-or-later"
            ],
            "authors": [
                {
                    "name": "Sleepplayer",
                    "email": "rok_9@mail.ru"
                }
            ],
            "description": "CKEditorPHP",
            "time": "2019-11-25T13:02:22+00:00"
        },
        {
            "name": "rok9ru/trpo-core",
            "version": "dev-master",
            "source": {
                "type": "git",
                "url": "https://github.com/rok9ru/trpo-core.git",
                "reference": "master"
            },
            "require": {
                "php": ">=5.6.0"
            },
            "type": "library",
            "autoload": {
                "psr-0": {
                    "trpo-core": ""
                }
            },
            "license": [
                "LGPL-3.0-or-later"
            ],
            "authors": [
                {
                    "name": "Sleepplayer",
                    "email": "rok_9@mail.ru"
                }
            ],
            "time": "2019-11-23T10:22:55+00:00"
        }
    ],
    "aliases": [],
    "minimum-stability": "dev",
    "stability-flags": {
        "nightbiribidzhann/zxc": 20,
        "mougrim/php-xdebug-proxy": 20
    },
    "prefer-stable": false,
    "prefer-lowest": false,
    "platform": [],
    "platform-dev": []
}
